
Microsoft Visual Studio Solution File, Format Version 12.00
# Visual Studio Version 17
VisualStudioVersion = 17.9.34407.89
MinimumVisualStudioVersion = 10.0.40219.1
Project("{FAE04EC0-301F-11D3-BF4B-00C04F79EFBC}") = "KütüphaneOtomasyon", "KütüphaneOtomasyon\KütüphaneOtomasyon.csproj", "{6B45C5FA-BF45-43DB-9809-7F91D81C35CD}"
EndProject
Global
	GlobalSection(SolutionConfigurationPlatforms) = preSolution
		Debug|Any CPU = Debug|Any CPU
		Release|Any CPU = Release|Any CPU
	EndGlobalSection
	GlobalSection(ProjectConfigurationPlatforms) = postSolution
		{6B45C5FA-BF45-43DB-9809-7F91D81C35CD}.Debug|Any CPU.ActiveCfg = Debug|Any CPU
		{6B45C5FA-BF45-43DB-9809-7F91D81C35CD}.Debug|Any CPU.Build.0 = Debug|Any CPU
		{6B45C5FA-BF45-43DB-9809-7F91D81C35CD}.Release|Any CPU.ActiveCfg = Release|Any CPU
		{6B45C5FA-BF45-43DB-9809-7F91D81C35CD}.Release|Any CPU.Build.0 = Release|Any CPU
	EndGlobalSection
	GlobalSection(SolutionProperties) = preSolution
		HideSolutionNode = FALSE
	EndGlobalSection
	GlobalSection(ExtensibilityGlobals) = postSolution
		SolutionGuid = {4EF2BF81-4FC3-4B02-AD4F-1700D2925CBF}
	EndGlobalSection
EndGlobal
